// !$*UTF8*$!
{
	archiveVersion = 1;
	classes = {
	};
	objectVersion = 46;
	objects = {

/* Begin PBXBuildFile section */
		OBJ_160 /* Buglife+UIStuff.m in Sources */ = {isa = PBXBuildFile; fileRef = OBJ_15 /* Buglife+UIStuff.m */; };
		OBJ_161 /* LIFECategories.m in Sources */ = {isa = PBXBuildFile; fileRef = OBJ_16 /* LIFECategories.m */; };
		OBJ_162 /* LIFECompatibilityUtils.m in Sources */ = {isa = PBXBuildFile; fileRef = OBJ_17 /* LIFECompatibilityUtils.m */; };
		OBJ_163 /* LIFEGeometry.m in Sources */ = {isa = PBXBuildFile; fileRef = OBJ_18 /* LIFEGeometry.m */; };
		OBJ_164 /* NSArray+LIFEAdditions.m in Sources */ = {isa = PBXBuildFile; fileRef = OBJ_19 /* NSArray+LIFEAdditions.m */; };
		OBJ_165 /* NSError+LIFEAdditions.m in Sources */ = {isa = PBXBuildFile; fileRef = OBJ_20 /* NSError+LIFEAdditions.m */; };
		OBJ_166 /* NSLayoutConstraint+LIFEAdditions.m in Sources */ = {isa = PBXBuildFile; fileRef = OBJ_21 /* NSLayoutConstraint+LIFEAdditions.m */; };
		OBJ_167 /* NSMutableDictionary+LIFEAdditions.m in Sources */ = {isa = PBXBuildFile; fileRef = OBJ_22 /* NSMutableDictionary+LIFEAdditions.m */; };
		OBJ_168 /* NSString+LIFEAdditions.m in Sources */ = {isa = PBXBuildFile; fileRef = OBJ_23 /* NSString+LIFEAdditions.m */; };
		OBJ_169 /* UIApplication+LIFEAdditions.m in Sources */ = {isa = PBXBuildFile; fileRef = OBJ_24 /* UIApplication+LIFEAdditions.m */; };
		OBJ_170 /* UIBezierPath+LIFEAdditions.m in Sources */ = {isa = PBXBuildFile; fileRef = OBJ_25 /* UIBezierPath+LIFEAdditions.m */; };
		OBJ_171 /* UIColor+LIFEAdditions.m in Sources */ = {isa = PBXBuildFile; fileRef = OBJ_26 /* UIColor+LIFEAdditions.m */; };
		OBJ_172 /* UIControl+LIFEAdditions.m in Sources */ = {isa = PBXBuildFile; fileRef = OBJ_27 /* UIControl+LIFEAdditions.m */; };
		OBJ_173 /* UIDevice+LIFEAdditions.m in Sources */ = {isa = PBXBuildFile; fileRef = OBJ_28 /* UIDevice+LIFEAdditions.m */; };
		OBJ_174 /* UIImage+LIFEAdditions.m in Sources */ = {isa = PBXBuildFile; fileRef = OBJ_29 /* UIImage+LIFEAdditions.m */; };
		OBJ_175 /* UITableView+LIFEAdditions.m in Sources */ = {isa = PBXBuildFile; fileRef = OBJ_30 /* UITableView+LIFEAdditions.m */; };
		OBJ_176 /* UITextView+LIFEAdditions.m in Sources */ = {isa = PBXBuildFile; fileRef = OBJ_31 /* UITextView+LIFEAdditions.m */; };
		OBJ_177 /* UIView+LIFEAdditions.m in Sources */ = {isa = PBXBuildFile; fileRef = OBJ_32 /* UIView+LIFEAdditions.m */; };
		OBJ_178 /* UIViewController+LIFEAdditions.m in Sources */ = {isa = PBXBuildFile; fileRef = OBJ_33 /* UIViewController+LIFEAdditions.m */; };
		OBJ_179 /* UIWindow+LIFEAdditions.m in Sources */ = {isa = PBXBuildFile; fileRef = OBJ_34 /* UIWindow+LIFEAdditions.m */; };
		OBJ_180 /* Buglife+LocalizedStrings.m in Sources */ = {isa = PBXBuildFile; fileRef = OBJ_35 /* Buglife+LocalizedStrings.m */; };
		OBJ_181 /* Buglife.m in Sources */ = {isa = PBXBuildFile; fileRef = OBJ_36 /* Buglife.m */; };
		OBJ_182 /* LIFEAlertAction.m in Sources */ = {isa = PBXBuildFile; fileRef = OBJ_39 /* LIFEAlertAction.m */; };
		OBJ_183 /* LIFEAlertActionView.m in Sources */ = {isa = PBXBuildFile; fileRef = OBJ_40 /* LIFEAlertActionView.m */; };
		OBJ_184 /* LIFEAlertAnimator.m in Sources */ = {isa = PBXBuildFile; fileRef = OBJ_41 /* LIFEAlertAnimator.m */; };
		OBJ_185 /* LIFEAlertController.m in Sources */ = {isa = PBXBuildFile; fileRef = OBJ_42 /* LIFEAlertController.m */; };
		OBJ_186 /* LIFEAlertView.m in Sources */ = {isa = PBXBuildFile; fileRef = OBJ_43 /* LIFEAlertView.m */; };
		OBJ_187 /* LIFEImageEditorSegmentedControl.m in Sources */ = {isa = PBXBuildFile; fileRef = OBJ_45 /* LIFEImageEditorSegmentedControl.m */; };
		OBJ_188 /* LIFEImageEditorView.m in Sources */ = {isa = PBXBuildFile; fileRef = OBJ_46 /* LIFEImageEditorView.m */; };
		OBJ_189 /* LIFEImageEditorViewController.m in Sources */ = {isa = PBXBuildFile; fileRef = OBJ_47 /* LIFEImageEditorViewController.m */; };
		OBJ_190 /* LIFEToolButton.m in Sources */ = {isa = PBXBuildFile; fileRef = OBJ_48 /* LIFEToolButton.m */; };
		OBJ_191 /* LIFEAVPlayerViewController.m in Sources */ = {isa = PBXBuildFile; fileRef = OBJ_49 /* LIFEAVPlayerViewController.m */; };
		OBJ_192 /* LIFEComponentPickerViewController.m in Sources */ = {isa = PBXBuildFile; fileRef = OBJ_50 /* LIFEComponentPickerViewController.m */; };
		OBJ_193 /* LIFELogViewController.m in Sources */ = {isa = PBXBuildFile; fileRef = OBJ_51 /* LIFELogViewController.m */; };
		OBJ_194 /* LIFENavigationController.m in Sources */ = {isa = PBXBuildFile; fileRef = OBJ_52 /* LIFENavigationController.m */; };
		OBJ_195 /* LIFEPickerViewController.m in Sources */ = {isa = PBXBuildFile; fileRef = OBJ_53 /* LIFEPickerViewController.m */; };
		OBJ_196 /* LIFEReportTableViewController.m in Sources */ = {isa = PBXBuildFile; fileRef = OBJ_54 /* LIFEReportTableViewController.m */; };
		OBJ_197 /* LIFEScreenshotAnnotatorViewController.m in Sources */ = {isa = PBXBuildFile; fileRef = OBJ_55 /* LIFEScreenshotAnnotatorViewController.m */; };
		OBJ_198 /* LIFEStepsToReproTableViewController.m in Sources */ = {isa = PBXBuildFile; fileRef = OBJ_56 /* LIFEStepsToReproTableViewController.m */; };
		OBJ_199 /* LIFETextInputViewController.m in Sources */ = {isa = PBXBuildFile; fileRef = OBJ_57 /* LIFETextInputViewController.m */; };
		OBJ_200 /* LIFEAwesomeLogger.m in Sources */ = {isa = PBXBuildFile; fileRef = OBJ_58 /* LIFEAwesomeLogger.m */; };
		OBJ_201 /* LIFEInputField.m in Sources */ = {isa = PBXBuildFile; fileRef = OBJ_59 /* LIFEInputField.m */; };
		OBJ_202 /* LIFEPickerInputField.m in Sources */ = {isa = PBXBuildFile; fileRef = OBJ_60 /* LIFEPickerInputField.m */; };
		OBJ_203 /* LIFETextInputField.m in Sources */ = {isa = PBXBuildFile; fileRef = OBJ_61 /* LIFETextInputField.m */; };
		OBJ_204 /* LIFEAnnotatedImage.m in Sources */ = {isa = PBXBuildFile; fileRef = OBJ_63 /* LIFEAnnotatedImage.m */; };
		OBJ_205 /* LIFEAnnotation.m in Sources */ = {isa = PBXBuildFile; fileRef = OBJ_64 /* LIFEAnnotation.m */; };
		OBJ_206 /* LIFEAppInfo.m in Sources */ = {isa = PBXBuildFile; fileRef = OBJ_65 /* LIFEAppInfo.m */; };
		OBJ_207 /* LIFEAttribute.m in Sources */ = {isa = PBXBuildFile; fileRef = OBJ_66 /* LIFEAttribute.m */; };
		OBJ_208 /* LIFEDeviceInfo.m in Sources */ = {isa = PBXBuildFile; fileRef = OBJ_67 /* LIFEDeviceInfo.m */; };
		OBJ_209 /* LIFEImageFormat.m in Sources */ = {isa = PBXBuildFile; fileRef = OBJ_68 /* LIFEImageFormat.m */; };
		OBJ_210 /* LIFEReport.m in Sources */ = {isa = PBXBuildFile; fileRef = OBJ_69 /* LIFEReport.m */; };
		OBJ_211 /* LIFEReportAttachmentImpl.m in Sources */ = {isa = PBXBuildFile; fileRef = OBJ_70 /* LIFEReportAttachmentImpl.m */; };
		OBJ_212 /* LIFEReportOwner.m in Sources */ = {isa = PBXBuildFile; fileRef = OBJ_71 /* LIFEReportOwner.m */; };
		OBJ_213 /* LIFEReproStep.m in Sources */ = {isa = PBXBuildFile; fileRef = OBJ_72 /* LIFEReproStep.m */; };
		OBJ_214 /* LIFEScreenshotContext.m in Sources */ = {isa = PBXBuildFile; fileRef = OBJ_73 /* LIFEScreenshotContext.m */; };
		OBJ_215 /* LIFEVideoAttachment.m in Sources */ = {isa = PBXBuildFile; fileRef = OBJ_74 /* LIFEVideoAttachment.m */; };
		OBJ_216 /* LIFEAVFoundation.m in Sources */ = {isa = PBXBuildFile; fileRef = OBJ_76 /* LIFEAVFoundation.m */; };
		OBJ_217 /* LIFEAppInfoProvider.m in Sources */ = {isa = PBXBuildFile; fileRef = OBJ_77 /* LIFEAppInfoProvider.m */; };
		OBJ_218 /* LIFEAttachmentManager.m in Sources */ = {isa = PBXBuildFile; fileRef = OBJ_78 /* LIFEAttachmentManager.m */; };
		OBJ_219 /* LIFEDataProvider.m in Sources */ = {isa = PBXBuildFile; fileRef = OBJ_79 /* LIFEDataProvider.m */; };
		OBJ_220 /* LIFEDependencyLoader.m in Sources */ = {isa = PBXBuildFile; fileRef = OBJ_80 /* LIFEDependencyLoader.m */; };
		OBJ_221 /* LIFEDeviceInfoProvider.m in Sources */ = {isa = PBXBuildFile; fileRef = OBJ_81 /* LIFEDeviceInfoProvider.m */; };
		OBJ_222 /* LIFEImagePickerController.m in Sources */ = {isa = PBXBuildFile; fileRef = OBJ_82 /* LIFEImagePickerController.m */; };
		OBJ_223 /* LIFEImageProcessor.m in Sources */ = {isa = PBXBuildFile; fileRef = OBJ_83 /* LIFEImageProcessor.m */; };
		OBJ_224 /* LIFELogFacility.m in Sources */ = {isa = PBXBuildFile; fileRef = OBJ_84 /* LIFELogFacility.m */; };
		OBJ_225 /* LIFENetworkManager.m in Sources */ = {isa = PBXBuildFile; fileRef = OBJ_85 /* LIFENetworkManager.m */; };
		OBJ_226 /* LIFEReachability.m in Sources */ = {isa = PBXBuildFile; fileRef = OBJ_86 /* LIFEReachability.m */; };
		OBJ_227 /* LIFERecordingShrinker.m in Sources */ = {isa = PBXBuildFile; fileRef = OBJ_87 /* LIFERecordingShrinker.m */; };
		OBJ_228 /* LIFEReportBuilder.m in Sources */ = {isa = PBXBuildFile; fileRef = OBJ_88 /* LIFEReportBuilder.m */; };
		OBJ_229 /* LIFESwizzler.m in Sources */ = {isa = PBXBuildFile; fileRef = OBJ_89 /* LIFESwizzler.m */; };
		OBJ_230 /* LIFETelephonyNetworkInfo.m in Sources */ = {isa = PBXBuildFile; fileRef = OBJ_90 /* LIFETelephonyNetworkInfo.m */; };
		OBJ_231 /* LIFEUserDefaults.m in Sources */ = {isa = PBXBuildFile; fileRef = OBJ_91 /* LIFEUserDefaults.m */; };
		OBJ_232 /* LIFEASLLogger.m in Sources */ = {isa = PBXBuildFile; fileRef = OBJ_93 /* LIFEASLLogger.m */; };
		OBJ_233 /* LIFEContextAwareLogFormatter.m in Sources */ = {isa = PBXBuildFile; fileRef = OBJ_94 /* LIFEContextAwareLogFormatter.m */; };
		OBJ_234 /* LIFEFileLogger.m in Sources */ = {isa = PBXBuildFile; fileRef = OBJ_95 /* LIFEFileLogger.m */; };
		OBJ_235 /* LIFEJSONLogFileFormatter.m in Sources */ = {isa = PBXBuildFile; fileRef = OBJ_96 /* LIFEJSONLogFileFormatter.m */; };
		OBJ_236 /* LIFELog.m in Sources */ = {isa = PBXBuildFile; fileRef = OBJ_97 /* LIFELog.m */; };
		OBJ_237 /* LIFELogger.m in Sources */ = {isa = PBXBuildFile; fileRef = OBJ_98 /* LIFELogger.m */; };
		OBJ_238 /* LIFENotificationLogger.m in Sources */ = {isa = PBXBuildFile; fileRef = OBJ_99 /* LIFENotificationLogger.m */; };
		OBJ_239 /* LIFETTYLogger.m in Sources */ = {isa = PBXBuildFile; fileRef = OBJ_100 /* LIFETTYLogger.m */; };
		OBJ_240 /* LIFEAnnotationView.m in Sources */ = {isa = PBXBuildFile; fileRef = OBJ_103 /* LIFEAnnotationView.m */; };
		OBJ_241 /* LIFEArrowAnnotationView.m in Sources */ = {isa = PBXBuildFile; fileRef = OBJ_104 /* LIFEArrowAnnotationView.m */; };
		OBJ_242 /* LIFEBlurAnnotationView.m in Sources */ = {isa = PBXBuildFile; fileRef = OBJ_105 /* LIFEBlurAnnotationView.m */; };
		OBJ_243 /* LIFEFreeformAnnotationView.m in Sources */ = {isa = PBXBuildFile; fileRef = OBJ_106 /* LIFEFreeformAnnotationView.m */; };
		OBJ_244 /* LIFELoupeAnnotationView.m in Sources */ = {isa = PBXBuildFile; fileRef = OBJ_107 /* LIFELoupeAnnotationView.m */; };
		OBJ_245 /* LIFEContainerAlertToImageEditorAnimator.m in Sources */ = {isa = PBXBuildFile; fileRef = OBJ_109 /* LIFEContainerAlertToImageEditorAnimator.m */; };
		OBJ_246 /* LIFEContainerModalDismissAnimator.m in Sources */ = {isa = PBXBuildFile; fileRef = OBJ_110 /* LIFEContainerModalDismissAnimator.m */; };
		OBJ_247 /* LIFEContainerModalPresentAnimator.m in Sources */ = {isa = PBXBuildFile; fileRef = OBJ_111 /* LIFEContainerModalPresentAnimator.m */; };
		OBJ_248 /* LIFEContainerTransitionContext.m in Sources */ = {isa = PBXBuildFile; fileRef = OBJ_112 /* LIFEContainerTransitionContext.m */; };
		OBJ_249 /* LIFEContainerViewController.m in Sources */ = {isa = PBXBuildFile; fileRef = OBJ_113 /* LIFEContainerViewController.m */; };
		OBJ_250 /* LIFEContainerWindow.m in Sources */ = {isa = PBXBuildFile; fileRef = OBJ_114 /* LIFEContainerWindow.m */; };
		OBJ_251 /* LIFEWindowBlindsAnimator.m in Sources */ = {isa = PBXBuildFile; fileRef = OBJ_115 /* LIFEWindowBlindsAnimator.m */; };
		OBJ_252 /* LIFEContinuousForceTouchGestureRecognizer.m in Sources */ = {isa = PBXBuildFile; fileRef = OBJ_117 /* LIFEContinuousForceTouchGestureRecognizer.m */; };
		OBJ_253 /* LIFEFreeformGestureRecognizer.m in Sources */ = {isa = PBXBuildFile; fileRef = OBJ_118 /* LIFEFreeformGestureRecognizer.m */; };
		OBJ_254 /* LIFEPanGestureRecognizer.m in Sources */ = {isa = PBXBuildFile; fileRef = OBJ_119 /* LIFEPanGestureRecognizer.m */; };
		OBJ_255 /* LIFEJelloLayer.m in Sources */ = {isa = PBXBuildFile; fileRef = OBJ_121 /* LIFEJelloLayer.m */; };
		OBJ_256 /* LIFEJelloView.m in Sources */ = {isa = PBXBuildFile; fileRef = OBJ_122 /* LIFEJelloView.m */; };
		OBJ_257 /* LIFEAnnotatedImageView.m in Sources */ = {isa = PBXBuildFile; fileRef = OBJ_123 /* LIFEAnnotatedImageView.m */; };
		OBJ_258 /* LIFEAppearanceImpl.m in Sources */ = {isa = PBXBuildFile; fileRef = OBJ_124 /* LIFEAppearanceImpl.m */; };
		OBJ_259 /* LIFEAttachmentView.m in Sources */ = {isa = PBXBuildFile; fileRef = OBJ_125 /* LIFEAttachmentView.m */; };
		OBJ_260 /* LIFEBugButtonWindow.m in Sources */ = {isa = PBXBuildFile; fileRef = OBJ_126 /* LIFEBugButtonWindow.m */; };
		OBJ_261 /* LIFEComponentPickerCell.m in Sources */ = {isa = PBXBuildFile; fileRef = OBJ_127 /* LIFEComponentPickerCell.m */; };
		OBJ_262 /* LIFEFloatingButton.m in Sources */ = {isa = PBXBuildFile; fileRef = OBJ_128 /* LIFEFloatingButton.m */; };
		OBJ_263 /* LIFELocalizedStringProvider.m in Sources */ = {isa = PBXBuildFile; fileRef = OBJ_129 /* LIFELocalizedStringProvider.m */; };
		OBJ_264 /* LIFEMenuPopoverView.m in Sources */ = {isa = PBXBuildFile; fileRef = OBJ_130 /* LIFEMenuPopoverView.m */; };
		OBJ_265 /* LIFEOverlayWindow.m in Sources */ = {isa = PBXBuildFile; fileRef = OBJ_131 /* LIFEOverlayWindow.m */; };
		OBJ_266 /* LIFEPoweredByBuglifeView.m in Sources */ = {isa = PBXBuildFile; fileRef = OBJ_132 /* LIFEPoweredByBuglifeView.m */; };
		OBJ_267 /* LIFEReportView.m in Sources */ = {isa = PBXBuildFile; fileRef = OBJ_133 /* LIFEReportView.m */; };
		OBJ_268 /* LIFEReportWindow.m in Sources */ = {isa = PBXBuildFile; fileRef = OBJ_134 /* LIFEReportWindow.m */; };
		OBJ_269 /* LIFEScreenshotAnnotatorView.m in Sources */ = {isa = PBXBuildFile; fileRef = OBJ_135 /* LIFEScreenshotAnnotatorView.m */; };
		OBJ_270 /* LIFEStepsToReproduceCell.m in Sources */ = {isa = PBXBuildFile; fileRef = OBJ_136 /* LIFEStepsToReproduceCell.m */; };
		OBJ_271 /* LIFETextFieldCell.m in Sources */ = {isa = PBXBuildFile; fileRef = OBJ_137 /* LIFETextFieldCell.m */; };
		OBJ_272 /* LIFETitleCell.m in Sources */ = {isa = PBXBuildFile; fileRef = OBJ_138 /* LIFETitleCell.m */; };
		OBJ_273 /* LIFEWhatHappenedTextView.m in Sources */ = {isa = PBXBuildFile; fileRef = OBJ_139 /* LIFEWhatHappenedTextView.m */; };
		OBJ_274 /* LIFEToastController.m in Sources */ = {isa = PBXBuildFile; fileRef = OBJ_141 /* LIFEToastController.m */; };
		OBJ_275 /* LIFEToastControllerView.m in Sources */ = {isa = PBXBuildFile; fileRef = OBJ_142 /* LIFEToastControllerView.m */; };
		OBJ_276 /* LIFEToastView.m in Sources */ = {isa = PBXBuildFile; fileRef = OBJ_143 /* LIFEToastView.m */; };
		OBJ_278 /* Buglife.h in Headers */ = {isa = PBXBuildFile; fileRef = OBJ_145 /* Buglife.h */; settings = {ATTRIBUTES = (Public, ); }; };
		OBJ_285 /* Package.swift in Sources */ = {isa = PBXBuildFile; fileRef = OBJ_6 /* Package.swift */; };
/* End PBXBuildFile section */

/* Begin PBXFileReference section */
		"Buglife::Buglife::Product" /* Buglife.framework */ = {isa = PBXFileReference; explicitFileType = wrapper.framework; path = Buglife.framework; sourceTree = BUILT_PRODUCTS_DIR; };
		OBJ_10 /* LIFEAwesomeLogger.h */ = {isa = PBXFileReference; lastKnownFileType = sourcecode.c.h; path = LIFEAwesomeLogger.h; sourceTree = "<group>"; };
		OBJ_100 /* LIFETTYLogger.m */ = {isa = PBXFileReference; lastKnownFileType = sourcecode.c.objc; path = LIFETTYLogger.m; sourceTree = "<group>"; };
		OBJ_103 /* LIFEAnnotationView.m */ = {isa = PBXFileReference; lastKnownFileType = sourcecode.c.objc; path = LIFEAnnotationView.m; sourceTree = "<group>"; };
		OBJ_104 /* LIFEArrowAnnotationView.m */ = {isa = PBXFileReference; lastKnownFileType = sourcecode.c.objc; path = LIFEArrowAnnotationView.m; sourceTree = "<group>"; };
		OBJ_105 /* LIFEBlurAnnotationView.m */ = {isa = PBXFileReference; lastKnownFileType = sourcecode.c.objc; path = LIFEBlurAnnotationView.m; sourceTree = "<group>"; };
		OBJ_106 /* LIFEFreeformAnnotationView.m */ = {isa = PBXFileReference; lastKnownFileType = sourcecode.c.objc; path = LIFEFreeformAnnotationView.m; sourceTree = "<group>"; };
		OBJ_107 /* LIFELoupeAnnotationView.m */ = {isa = PBXFileReference; lastKnownFileType = sourcecode.c.objc; path = LIFELoupeAnnotationView.m; sourceTree = "<group>"; };
		OBJ_109 /* LIFEContainerAlertToImageEditorAnimator.m */ = {isa = PBXFileReference; lastKnownFileType = sourcecode.c.objc; path = LIFEContainerAlertToImageEditorAnimator.m; sourceTree = "<group>"; };
		OBJ_11 /* LIFEAppearance.h */ = {isa = PBXFileReference; lastKnownFileType = sourcecode.c.h; path = LIFEAppearance.h; sourceTree = "<group>"; };
		OBJ_110 /* LIFEContainerModalDismissAnimator.m */ = {isa = PBXFileReference; lastKnownFileType = sourcecode.c.objc; path = LIFEContainerModalDismissAnimator.m; sourceTree = "<group>"; };
		OBJ_111 /* LIFEContainerModalPresentAnimator.m */ = {isa = PBXFileReference; lastKnownFileType = sourcecode.c.objc; path = LIFEContainerModalPresentAnimator.m; sourceTree = "<group>"; };
		OBJ_112 /* LIFEContainerTransitionContext.m */ = {isa = PBXFileReference; lastKnownFileType = sourcecode.c.objc; path = LIFEContainerTransitionContext.m; sourceTree = "<group>"; };
		OBJ_113 /* LIFEContainerViewController.m */ = {isa = PBXFileReference; lastKnownFileType = sourcecode.c.objc; path = LIFEContainerViewController.m; sourceTree = "<group>"; };
		OBJ_114 /* LIFEContainerWindow.m */ = {isa = PBXFileReference; lastKnownFileType = sourcecode.c.objc; path = LIFEContainerWindow.m; sourceTree = "<group>"; };
		OBJ_115 /* LIFEWindowBlindsAnimator.m */ = {isa = PBXFileReference; lastKnownFileType = sourcecode.c.objc; path = LIFEWindowBlindsAnimator.m; sourceTree = "<group>"; };
		OBJ_117 /* LIFEContinuousForceTouchGestureRecognizer.m */ = {isa = PBXFileReference; lastKnownFileType = sourcecode.c.objc; path = LIFEContinuousForceTouchGestureRecognizer.m; sourceTree = "<group>"; };
		OBJ_118 /* LIFEFreeformGestureRecognizer.m */ = {isa = PBXFileReference; lastKnownFileType = sourcecode.c.objc; path = LIFEFreeformGestureRecognizer.m; sourceTree = "<group>"; };
		OBJ_119 /* LIFEPanGestureRecognizer.m */ = {isa = PBXFileReference; lastKnownFileType = sourcecode.c.objc; path = LIFEPanGestureRecognizer.m; sourceTree = "<group>"; };
		OBJ_12 /* LIFEInputField.h */ = {isa = PBXFileReference; lastKnownFileType = sourcecode.c.h; path = LIFEInputField.h; sourceTree = "<group>"; };
		OBJ_121 /* LIFEJelloLayer.m */ = {isa = PBXFileReference; lastKnownFileType = sourcecode.c.objc; path = LIFEJelloLayer.m; sourceTree = "<group>"; };
		OBJ_122 /* LIFEJelloView.m */ = {isa = PBXFileReference; lastKnownFileType = sourcecode.c.objc; path = LIFEJelloView.m; sourceTree = "<group>"; };
		OBJ_123 /* LIFEAnnotatedImageView.m */ = {isa = PBXFileReference; lastKnownFileType = sourcecode.c.objc; path = LIFEAnnotatedImageView.m; sourceTree = "<group>"; };
		OBJ_124 /* LIFEAppearanceImpl.m */ = {isa = PBXFileReference; lastKnownFileType = sourcecode.c.objc; path = LIFEAppearanceImpl.m; sourceTree = "<group>"; };
		OBJ_125 /* LIFEAttachmentView.m */ = {isa = PBXFileReference; lastKnownFileType = sourcecode.c.objc; path = LIFEAttachmentView.m; sourceTree = "<group>"; };
		OBJ_126 /* LIFEBugButtonWindow.m */ = {isa = PBXFileReference; lastKnownFileType = sourcecode.c.objc; path = LIFEBugButtonWindow.m; sourceTree = "<group>"; };
		OBJ_127 /* LIFEComponentPickerCell.m */ = {isa = PBXFileReference; lastKnownFileType = sourcecode.c.objc; path = LIFEComponentPickerCell.m; sourceTree = "<group>"; };
		OBJ_128 /* LIFEFloatingButton.m */ = {isa = PBXFileReference; lastKnownFileType = sourcecode.c.objc; path = LIFEFloatingButton.m; sourceTree = "<group>"; };
		OBJ_129 /* LIFELocalizedStringProvider.m */ = {isa = PBXFileReference; lastKnownFileType = sourcecode.c.objc; path = LIFELocalizedStringProvider.m; sourceTree = "<group>"; };
		OBJ_13 /* Buglife+LocalizedStrings.h */ = {isa = PBXFileReference; lastKnownFileType = sourcecode.c.h; path = "Buglife+LocalizedStrings.h"; sourceTree = "<group>"; };
		OBJ_130 /* LIFEMenuPopoverView.m */ = {isa = PBXFileReference; lastKnownFileType = sourcecode.c.objc; path = LIFEMenuPopoverView.m; sourceTree = "<group>"; };
		OBJ_131 /* LIFEOverlayWindow.m */ = {isa = PBXFileReference; lastKnownFileType = sourcecode.c.objc; path = LIFEOverlayWindow.m; sourceTree = "<group>"; };
		OBJ_132 /* LIFEPoweredByBuglifeView.m */ = {isa = PBXFileReference; lastKnownFileType = sourcecode.c.objc; path = LIFEPoweredByBuglifeView.m; sourceTree = "<group>"; };
		OBJ_133 /* LIFEReportView.m */ = {isa = PBXFileReference; lastKnownFileType = sourcecode.c.objc; path = LIFEReportView.m; sourceTree = "<group>"; };
		OBJ_134 /* LIFEReportWindow.m */ = {isa = PBXFileReference; lastKnownFileType = sourcecode.c.objc; path = LIFEReportWindow.m; sourceTree = "<group>"; };
		OBJ_135 /* LIFEScreenshotAnnotatorView.m */ = {isa = PBXFileReference; lastKnownFileType = sourcecode.c.objc; path = LIFEScreenshotAnnotatorView.m; sourceTree = "<group>"; };
		OBJ_136 /* LIFEStepsToReproduceCell.m */ = {isa = PBXFileReference; lastKnownFileType = sourcecode.c.objc; path = LIFEStepsToReproduceCell.m; sourceTree = "<group>"; };
		OBJ_137 /* LIFETextFieldCell.m */ = {isa = PBXFileReference; lastKnownFileType = sourcecode.c.objc; path = LIFETextFieldCell.m; sourceTree = "<group>"; };
		OBJ_138 /* LIFETitleCell.m */ = {isa = PBXFileReference; lastKnownFileType = sourcecode.c.objc; path = LIFETitleCell.m; sourceTree = "<group>"; };
		OBJ_139 /* LIFEWhatHappenedTextView.m */ = {isa = PBXFileReference; lastKnownFileType = sourcecode.c.objc; path = LIFEWhatHappenedTextView.m; sourceTree = "<group>"; };
		OBJ_141 /* LIFEToastController.m */ = {isa = PBXFileReference; lastKnownFileType = sourcecode.c.objc; path = LIFEToastController.m; sourceTree = "<group>"; };
		OBJ_142 /* LIFEToastControllerView.m */ = {isa = PBXFileReference; lastKnownFileType = sourcecode.c.objc; path = LIFEToastControllerView.m; sourceTree = "<group>"; };
		OBJ_143 /* LIFEToastView.m */ = {isa = PBXFileReference; lastKnownFileType = sourcecode.c.objc; path = LIFEToastView.m; sourceTree = "<group>"; };
		OBJ_145 /* Buglife.h */ = {isa = PBXFileReference; lastKnownFileType = sourcecode.c.h; path = Buglife.h; sourceTree = "<group>"; };
		OBJ_149 /* Example */ = {isa = PBXFileReference; lastKnownFileType = folder; path = Example; sourceTree = SOURCE_ROOT; };
		OBJ_15 /* Buglife+UIStuff.m */ = {isa = PBXFileReference; lastKnownFileType = sourcecode.c.objc; path = "Buglife+UIStuff.m"; sourceTree = "<group>"; };
		OBJ_150 /* Swift */ = {isa = PBXFileReference; lastKnownFileType = folder; path = Swift; sourceTree = SOURCE_ROOT; };
		OBJ_151 /* Buglife */ = {isa = PBXFileReference; lastKnownFileType = folder; path = Buglife; sourceTree = SOURCE_ROOT; };
		OBJ_152 /* LICENSE */ = {isa = PBXFileReference; lastKnownFileType = text; path = LICENSE; sourceTree = "<group>"; };
		OBJ_153 /* README.md */ = {isa = PBXFileReference; lastKnownFileType = net.daringfireball.markdown; path = README.md; sourceTree = "<group>"; };
		OBJ_154 /* Buglife.podspec */ = {isa = PBXFileReference; lastKnownFileType = text; path = Buglife.podspec; sourceTree = "<group>"; };
		OBJ_16 /* LIFECategories.m */ = {isa = PBXFileReference; lastKnownFileType = sourcecode.c.objc; path = LIFECategories.m; sourceTree = "<group>"; };
		OBJ_17 /* LIFECompatibilityUtils.m */ = {isa = PBXFileReference; lastKnownFileType = sourcecode.c.objc; path = LIFECompatibilityUtils.m; sourceTree = "<group>"; };
		OBJ_18 /* LIFEGeometry.m */ = {isa = PBXFileReference; lastKnownFileType = sourcecode.c.objc; path = LIFEGeometry.m; sourceTree = "<group>"; };
		OBJ_19 /* NSArray+LIFEAdditions.m */ = {isa = PBXFileReference; lastKnownFileType = sourcecode.c.objc; path = "NSArray+LIFEAdditions.m"; sourceTree = "<group>"; };
		OBJ_20 /* NSError+LIFEAdditions.m */ = {isa = PBXFileReference; lastKnownFileType = sourcecode.c.objc; path = "NSError+LIFEAdditions.m"; sourceTree = "<group>"; };
		OBJ_21 /* NSLayoutConstraint+LIFEAdditions.m */ = {isa = PBXFileReference; lastKnownFileType = sourcecode.c.objc; path = "NSLayoutConstraint+LIFEAdditions.m"; sourceTree = "<group>"; };
		OBJ_22 /* NSMutableDictionary+LIFEAdditions.m */ = {isa = PBXFileReference; lastKnownFileType = sourcecode.c.objc; path = "NSMutableDictionary+LIFEAdditions.m"; sourceTree = "<group>"; };
		OBJ_23 /* NSString+LIFEAdditions.m */ = {isa = PBXFileReference; lastKnownFileType = sourcecode.c.objc; path = "NSString+LIFEAdditions.m"; sourceTree = "<group>"; };
		OBJ_24 /* UIApplication+LIFEAdditions.m */ = {isa = PBXFileReference; lastKnownFileType = sourcecode.c.objc; path = "UIApplication+LIFEAdditions.m"; sourceTree = "<group>"; };
		OBJ_25 /* UIBezierPath+LIFEAdditions.m */ = {isa = PBXFileReference; lastKnownFileType = sourcecode.c.objc; path = "UIBezierPath+LIFEAdditions.m"; sourceTree = "<group>"; };
		OBJ_26 /* UIColor+LIFEAdditions.m */ = {isa = PBXFileReference; lastKnownFileType = sourcecode.c.objc; path = "UIColor+LIFEAdditions.m"; sourceTree = "<group>"; };
		OBJ_27 /* UIControl+LIFEAdditions.m */ = {isa = PBXFileReference; lastKnownFileType = sourcecode.c.objc; path = "UIControl+LIFEAdditions.m"; sourceTree = "<group>"; };
		OBJ_28 /* UIDevice+LIFEAdditions.m */ = {isa = PBXFileReference; lastKnownFileType = sourcecode.c.objc; path = "UIDevice+LIFEAdditions.m"; sourceTree = "<group>"; };
		OBJ_29 /* UIImage+LIFEAdditions.m */ = {isa = PBXFileReference; lastKnownFileType = sourcecode.c.objc; path = "UIImage+LIFEAdditions.m"; sourceTree = "<group>"; };
		OBJ_30 /* UITableView+LIFEAdditions.m */ = {isa = PBXFileReference; lastKnownFileType = sourcecode.c.objc; path = "UITableView+LIFEAdditions.m"; sourceTree = "<group>"; };
		OBJ_31 /* UITextView+LIFEAdditions.m */ = {isa = PBXFileReference; lastKnownFileType = sourcecode.c.objc; path = "UITextView+LIFEAdditions.m"; sourceTree = "<group>"; };
		OBJ_32 /* UIView+LIFEAdditions.m */ = {isa = PBXFileReference; lastKnownFileType = sourcecode.c.objc; path = "UIView+LIFEAdditions.m"; sourceTree = "<group>"; };
		OBJ_33 /* UIViewController+LIFEAdditions.m */ = {isa = PBXFileReference; lastKnownFileType = sourcecode.c.objc; path = "UIViewController+LIFEAdditions.m"; sourceTree = "<group>"; };
		OBJ_34 /* UIWindow+LIFEAdditions.m */ = {isa = PBXFileReference; lastKnownFileType = sourcecode.c.objc; path = "UIWindow+LIFEAdditions.m"; sourceTree = "<group>"; };
		OBJ_35 /* Buglife+LocalizedStrings.m */ = {isa = PBXFileReference; lastKnownFileType = sourcecode.c.objc; path = "Buglife+LocalizedStrings.m"; sourceTree = "<group>"; };
		OBJ_36 /* Buglife.m */ = {isa = PBXFileReference; lastKnownFileType = sourcecode.c.objc; path = Buglife.m; sourceTree = "<group>"; };
		OBJ_39 /* LIFEAlertAction.m */ = {isa = PBXFileReference; lastKnownFileType = sourcecode.c.objc; path = LIFEAlertAction.m; sourceTree = "<group>"; };
		OBJ_40 /* LIFEAlertActionView.m */ = {isa = PBXFileReference; lastKnownFileType = sourcecode.c.objc; path = LIFEAlertActionView.m; sourceTree = "<group>"; };
		OBJ_41 /* LIFEAlertAnimator.m */ = {isa = PBXFileReference; lastKnownFileType = sourcecode.c.objc; path = LIFEAlertAnimator.m; sourceTree = "<group>"; };
		OBJ_42 /* LIFEAlertController.m */ = {isa = PBXFileReference; lastKnownFileType = sourcecode.c.objc; path = LIFEAlertController.m; sourceTree = "<group>"; };
		OBJ_43 /* LIFEAlertView.m */ = {isa = PBXFileReference; lastKnownFileType = sourcecode.c.objc; path = LIFEAlertView.m; sourceTree = "<group>"; };
		OBJ_45 /* LIFEImageEditorSegmentedControl.m */ = {isa = PBXFileReference; lastKnownFileType = sourcecode.c.objc; path = LIFEImageEditorSegmentedControl.m; sourceTree = "<group>"; };
		OBJ_46 /* LIFEImageEditorView.m */ = {isa = PBXFileReference; lastKnownFileType = sourcecode.c.objc; path = LIFEImageEditorView.m; sourceTree = "<group>"; };
		OBJ_47 /* LIFEImageEditorViewController.m */ = {isa = PBXFileReference; lastKnownFileType = sourcecode.c.objc; path = LIFEImageEditorViewController.m; sourceTree = "<group>"; };
		OBJ_48 /* LIFEToolButton.m */ = {isa = PBXFileReference; lastKnownFileType = sourcecode.c.objc; path = LIFEToolButton.m; sourceTree = "<group>"; };
		OBJ_49 /* LIFEAVPlayerViewController.m */ = {isa = PBXFileReference; lastKnownFileType = sourcecode.c.objc; path = LIFEAVPlayerViewController.m; sourceTree = "<group>"; };
		OBJ_50 /* LIFEComponentPickerViewController.m */ = {isa = PBXFileReference; lastKnownFileType = sourcecode.c.objc; path = LIFEComponentPickerViewController.m; sourceTree = "<group>"; };
		OBJ_51 /* LIFELogViewController.m */ = {isa = PBXFileReference; lastKnownFileType = sourcecode.c.objc; path = LIFELogViewController.m; sourceTree = "<group>"; };
		OBJ_52 /* LIFENavigationController.m */ = {isa = PBXFileReference; lastKnownFileType = sourcecode.c.objc; path = LIFENavigationController.m; sourceTree = "<group>"; };
		OBJ_53 /* LIFEPickerViewController.m */ = {isa = PBXFileReference; lastKnownFileType = sourcecode.c.objc; path = LIFEPickerViewController.m; sourceTree = "<group>"; };
		OBJ_54 /* LIFEReportTableViewController.m */ = {isa = PBXFileReference; lastKnownFileType = sourcecode.c.objc; path = LIFEReportTableViewController.m; sourceTree = "<group>"; };
		OBJ_55 /* LIFEScreenshotAnnotatorViewController.m */ = {isa = PBXFileReference; lastKnownFileType = sourcecode.c.objc; path = LIFEScreenshotAnnotatorViewController.m; sourceTree = "<group>"; };
		OBJ_56 /* LIFEStepsToReproTableViewController.m */ = {isa = PBXFileReference; lastKnownFileType = sourcecode.c.objc; path = LIFEStepsToReproTableViewController.m; sourceTree = "<group>"; };
		OBJ_57 /* LIFETextInputViewController.m */ = {isa = PBXFileReference; lastKnownFileType = sourcecode.c.objc; path = LIFETextInputViewController.m; sourceTree = "<group>"; };
		OBJ_58 /* LIFEAwesomeLogger.m */ = {isa = PBXFileReference; lastKnownFileType = sourcecode.c.objc; path = LIFEAwesomeLogger.m; sourceTree = "<group>"; };
		OBJ_59 /* LIFEInputField.m */ = {isa = PBXFileReference; lastKnownFileType = sourcecode.c.objc; path = LIFEInputField.m; sourceTree = "<group>"; };
		OBJ_6 /* Package.swift */ = {isa = PBXFileReference; explicitFileType = sourcecode.swift; path = Package.swift; sourceTree = "<group>"; };
		OBJ_60 /* LIFEPickerInputField.m */ = {isa = PBXFileReference; lastKnownFileType = sourcecode.c.objc; path = LIFEPickerInputField.m; sourceTree = "<group>"; };
		OBJ_61 /* LIFETextInputField.m */ = {isa = PBXFileReference; lastKnownFileType = sourcecode.c.objc; path = LIFETextInputField.m; sourceTree = "<group>"; };
		OBJ_63 /* LIFEAnnotatedImage.m */ = {isa = PBXFileReference; lastKnownFileType = sourcecode.c.objc; path = LIFEAnnotatedImage.m; sourceTree = "<group>"; };
		OBJ_64 /* LIFEAnnotation.m */ = {isa = PBXFileReference; lastKnownFileType = sourcecode.c.objc; path = LIFEAnnotation.m; sourceTree = "<group>"; };
		OBJ_65 /* LIFEAppInfo.m */ = {isa = PBXFileReference; lastKnownFileType = sourcecode.c.objc; path = LIFEAppInfo.m; sourceTree = "<group>"; };
		OBJ_66 /* LIFEAttribute.m */ = {isa = PBXFileReference; lastKnownFileType = sourcecode.c.objc; path = LIFEAttribute.m; sourceTree = "<group>"; };
		OBJ_67 /* LIFEDeviceInfo.m */ = {isa = PBXFileReference; lastKnownFileType = sourcecode.c.objc; path = LIFEDeviceInfo.m; sourceTree = "<group>"; };
		OBJ_68 /* LIFEImageFormat.m */ = {isa = PBXFileReference; lastKnownFileType = sourcecode.c.objc; path = LIFEImageFormat.m; sourceTree = "<group>"; };
		OBJ_69 /* LIFEReport.m */ = {isa = PBXFileReference; lastKnownFileType = sourcecode.c.objc; path = LIFEReport.m; sourceTree = "<group>"; };
		OBJ_70 /* LIFEReportAttachmentImpl.m */ = {isa = PBXFileReference; lastKnownFileType = sourcecode.c.objc; path = LIFEReportAttachmentImpl.m; sourceTree = "<group>"; };
		OBJ_71 /* LIFEReportOwner.m */ = {isa = PBXFileReference; lastKnownFileType = sourcecode.c.objc; path = LIFEReportOwner.m; sourceTree = "<group>"; };
		OBJ_72 /* LIFEReproStep.m */ = {isa = PBXFileReference; lastKnownFileType = sourcecode.c.objc; path = LIFEReproStep.m; sourceTree = "<group>"; };
		OBJ_73 /* LIFEScreenshotContext.m */ = {isa = PBXFileReference; lastKnownFileType = sourcecode.c.objc; path = LIFEScreenshotContext.m; sourceTree = "<group>"; };
		OBJ_74 /* LIFEVideoAttachment.m */ = {isa = PBXFileReference; lastKnownFileType = sourcecode.c.objc; path = LIFEVideoAttachment.m; sourceTree = "<group>"; };
		OBJ_76 /* LIFEAVFoundation.m */ = {isa = PBXFileReference; lastKnownFileType = sourcecode.c.objc; path = LIFEAVFoundation.m; sourceTree = "<group>"; };
		OBJ_77 /* LIFEAppInfoProvider.m */ = {isa = PBXFileReference; lastKnownFileType = sourcecode.c.objc; path = LIFEAppInfoProvider.m; sourceTree = "<group>"; };
		OBJ_78 /* LIFEAttachmentManager.m */ = {isa = PBXFileReference; lastKnownFileType = sourcecode.c.objc; path = LIFEAttachmentManager.m; sourceTree = "<group>"; };
		OBJ_79 /* LIFEDataProvider.m */ = {isa = PBXFileReference; lastKnownFileType = sourcecode.c.objc; path = LIFEDataProvider.m; sourceTree = "<group>"; };
		OBJ_8 /* LIFETextInputField.h */ = {isa = PBXFileReference; lastKnownFileType = sourcecode.c.h; path = LIFETextInputField.h; sourceTree = "<group>"; };
		OBJ_80 /* LIFEDependencyLoader.m */ = {isa = PBXFileReference; lastKnownFileType = sourcecode.c.objc; path = LIFEDependencyLoader.m; sourceTree = "<group>"; };
		OBJ_81 /* LIFEDeviceInfoProvider.m */ = {isa = PBXFileReference; lastKnownFileType = sourcecode.c.objc; path = LIFEDeviceInfoProvider.m; sourceTree = "<group>"; };
		OBJ_82 /* LIFEImagePickerController.m */ = {isa = PBXFileReference; lastKnownFileType = sourcecode.c.objc; path = LIFEImagePickerController.m; sourceTree = "<group>"; };
		OBJ_83 /* LIFEImageProcessor.m */ = {isa = PBXFileReference; lastKnownFileType = sourcecode.c.objc; path = LIFEImageProcessor.m; sourceTree = "<group>"; };
		OBJ_84 /* LIFELogFacility.m */ = {isa = PBXFileReference; lastKnownFileType = sourcecode.c.objc; path = LIFELogFacility.m; sourceTree = "<group>"; };
		OBJ_85 /* LIFENetworkManager.m */ = {isa = PBXFileReference; lastKnownFileType = sourcecode.c.objc; path = LIFENetworkManager.m; sourceTree = "<group>"; };
		OBJ_86 /* LIFEReachability.m */ = {isa = PBXFileReference; lastKnownFileType = sourcecode.c.objc; path = LIFEReachability.m; sourceTree = "<group>"; };
		OBJ_87 /* LIFERecordingShrinker.m */ = {isa = PBXFileReference; lastKnownFileType = sourcecode.c.objc; path = LIFERecordingShrinker.m; sourceTree = "<group>"; };
		OBJ_88 /* LIFEReportBuilder.m */ = {isa = PBXFileReference; lastKnownFileType = sourcecode.c.objc; path = LIFEReportBuilder.m; sourceTree = "<group>"; };
		OBJ_89 /* LIFESwizzler.m */ = {isa = PBXFileReference; lastKnownFileType = sourcecode.c.objc; path = LIFESwizzler.m; sourceTree = "<group>"; };
		OBJ_9 /* LIFEPickerInputField.h */ = {isa = PBXFileReference; lastKnownFileType = sourcecode.c.h; path = LIFEPickerInputField.h; sourceTree = "<group>"; };
		OBJ_90 /* LIFETelephonyNetworkInfo.m */ = {isa = PBXFileReference; lastKnownFileType = sourcecode.c.objc; path = LIFETelephonyNetworkInfo.m; sourceTree = "<group>"; };
		OBJ_91 /* LIFEUserDefaults.m */ = {isa = PBXFileReference; lastKnownFileType = sourcecode.c.objc; path = LIFEUserDefaults.m; sourceTree = "<group>"; };
		OBJ_93 /* LIFEASLLogger.m */ = {isa = PBXFileReference; lastKnownFileType = sourcecode.c.objc; path = LIFEASLLogger.m; sourceTree = "<group>"; };
		OBJ_94 /* LIFEContextAwareLogFormatter.m */ = {isa = PBXFileReference; lastKnownFileType = sourcecode.c.objc; path = LIFEContextAwareLogFormatter.m; sourceTree = "<group>"; };
		OBJ_95 /* LIFEFileLogger.m */ = {isa = PBXFileReference; lastKnownFileType = sourcecode.c.objc; path = LIFEFileLogger.m; sourceTree = "<group>"; };
		OBJ_96 /* LIFEJSONLogFileFormatter.m */ = {isa = PBXFileReference; lastKnownFileType = sourcecode.c.objc; path = LIFEJSONLogFileFormatter.m; sourceTree = "<group>"; };
		OBJ_97 /* LIFELog.m */ = {isa = PBXFileReference; lastKnownFileType = sourcecode.c.objc; path = LIFELog.m; sourceTree = "<group>"; };
		OBJ_98 /* LIFELogger.m */ = {isa = PBXFileReference; lastKnownFileType = sourcecode.c.objc; path = LIFELogger.m; sourceTree = "<group>"; };
		OBJ_99 /* LIFENotificationLogger.m */ = {isa = PBXFileReference; lastKnownFileType = sourcecode.c.objc; path = LIFENotificationLogger.m; sourceTree = "<group>"; };
/* End PBXFileReference section */

/* Begin PBXFrameworksBuildPhase section */
		OBJ_279 /* Frameworks */ = {
			isa = PBXFrameworksBuildPhase;
			buildActionMask = 0;
			files = (
			);
			runOnlyForDeploymentPostprocessing = 0;
		};
/* End PBXFrameworksBuildPhase section */

/* Begin PBXGroup section */
		OBJ_101 /* Views */ = {
			isa = PBXGroup;
			children = (
				OBJ_102 /* AnnotationViews */,
				OBJ_108 /* ContainerWindow */,
				OBJ_116 /* GestureRecognizers */,
				OBJ_120 /* JelloView */,
				OBJ_123 /* LIFEAnnotatedImageView.m */,
				OBJ_124 /* LIFEAppearanceImpl.m */,
				OBJ_125 /* LIFEAttachmentView.m */,
				OBJ_126 /* LIFEBugButtonWindow.m */,
				OBJ_127 /* LIFEComponentPickerCell.m */,
				OBJ_128 /* LIFEFloatingButton.m */,
				OBJ_129 /* LIFELocalizedStringProvider.m */,
				OBJ_130 /* LIFEMenuPopoverView.m */,
				OBJ_131 /* LIFEOverlayWindow.m */,
				OBJ_132 /* LIFEPoweredByBuglifeView.m */,
				OBJ_133 /* LIFEReportView.m */,
				OBJ_134 /* LIFEReportWindow.m */,
				OBJ_135 /* LIFEScreenshotAnnotatorView.m */,
				OBJ_136 /* LIFEStepsToReproduceCell.m */,
				OBJ_137 /* LIFETextFieldCell.m */,
				OBJ_138 /* LIFETitleCell.m */,
				OBJ_139 /* LIFEWhatHappenedTextView.m */,
				OBJ_140 /* Toast */,
			);
			path = Views;
			sourceTree = "<group>";
		};
		OBJ_102 /* AnnotationViews */ = {
			isa = PBXGroup;
			children = (
				OBJ_103 /* LIFEAnnotationView.m */,
				OBJ_104 /* LIFEArrowAnnotationView.m */,
				OBJ_105 /* LIFEBlurAnnotationView.m */,
				OBJ_106 /* LIFEFreeformAnnotationView.m */,
				OBJ_107 /* LIFELoupeAnnotationView.m */,
			);
			path = AnnotationViews;
			sourceTree = "<group>";
		};
		OBJ_108 /* ContainerWindow */ = {
			isa = PBXGroup;
			children = (
				OBJ_109 /* LIFEContainerAlertToImageEditorAnimator.m */,
				OBJ_110 /* LIFEContainerModalDismissAnimator.m */,
				OBJ_111 /* LIFEContainerModalPresentAnimator.m */,
				OBJ_112 /* LIFEContainerTransitionContext.m */,
				OBJ_113 /* LIFEContainerViewController.m */,
				OBJ_114 /* LIFEContainerWindow.m */,
				OBJ_115 /* LIFEWindowBlindsAnimator.m */,
			);
			path = ContainerWindow;
			sourceTree = "<group>";
		};
		OBJ_116 /* GestureRecognizers */ = {
			isa = PBXGroup;
			children = (
				OBJ_117 /* LIFEContinuousForceTouchGestureRecognizer.m */,
				OBJ_118 /* LIFEFreeformGestureRecognizer.m */,
				OBJ_119 /* LIFEPanGestureRecognizer.m */,
			);
			path = GestureRecognizers;
			sourceTree = "<group>";
		};
		OBJ_120 /* JelloView */ = {
			isa = PBXGroup;
			children = (
				OBJ_121 /* LIFEJelloLayer.m */,
				OBJ_122 /* LIFEJelloView.m */,
			);
			path = JelloView;
			sourceTree = "<group>";
		};
		OBJ_14 /* Additions */ = {
			isa = PBXGroup;
			children = (
				OBJ_15 /* Buglife+UIStuff.m */,
				OBJ_16 /* LIFECategories.m */,
				OBJ_17 /* LIFECompatibilityUtils.m */,
				OBJ_18 /* LIFEGeometry.m */,
				OBJ_19 /* NSArray+LIFEAdditions.m */,
				OBJ_20 /* NSError+LIFEAdditions.m */,
				OBJ_21 /* NSLayoutConstraint+LIFEAdditions.m */,
				OBJ_22 /* NSMutableDictionary+LIFEAdditions.m */,
				OBJ_23 /* NSString+LIFEAdditions.m */,
				OBJ_24 /* UIApplication+LIFEAdditions.m */,
				OBJ_25 /* UIBezierPath+LIFEAdditions.m */,
				OBJ_26 /* UIColor+LIFEAdditions.m */,
				OBJ_27 /* UIControl+LIFEAdditions.m */,
				OBJ_28 /* UIDevice+LIFEAdditions.m */,
				OBJ_29 /* UIImage+LIFEAdditions.m */,
				OBJ_30 /* UITableView+LIFEAdditions.m */,
				OBJ_31 /* UITextView+LIFEAdditions.m */,
				OBJ_32 /* UIView+LIFEAdditions.m */,
				OBJ_33 /* UIViewController+LIFEAdditions.m */,
				OBJ_34 /* UIWindow+LIFEAdditions.m */,
			);
			path = Additions;
			sourceTree = "<group>";
		};
		OBJ_140 /* Toast */ = {
			isa = PBXGroup;
			children = (
				OBJ_141 /* LIFEToastController.m */,
				OBJ_142 /* LIFEToastControllerView.m */,
				OBJ_143 /* LIFEToastView.m */,
			);
			path = Toast;
			sourceTree = "<group>";
		};
		OBJ_144 /* include */ = {
			isa = PBXGroup;
			children = (
				OBJ_145 /* Buglife.h */,
			);
			path = include;
			sourceTree = "<group>";
		};
		OBJ_146 /* Tests */ = {
			isa = PBXGroup;
			children = (
			);
			name = Tests;
			sourceTree = SOURCE_ROOT;
		};
		OBJ_147 /* Products */ = {
			isa = PBXGroup;
			children = (
				"Buglife::Buglife::Product" /* Buglife.framework */,
			);
			name = Products;
			sourceTree = BUILT_PRODUCTS_DIR;
		};
		OBJ_37 /* Controllers */ = {
			isa = PBXGroup;
			children = (
				OBJ_38 /* AlertView */,
				OBJ_44 /* ImageEditor */,
				OBJ_49 /* LIFEAVPlayerViewController.m */,
				OBJ_50 /* LIFEComponentPickerViewController.m */,
				OBJ_51 /* LIFELogViewController.m */,
				OBJ_52 /* LIFENavigationController.m */,
				OBJ_53 /* LIFEPickerViewController.m */,
				OBJ_54 /* LIFEReportTableViewController.m */,
				OBJ_55 /* LIFEScreenshotAnnotatorViewController.m */,
				OBJ_56 /* LIFEStepsToReproTableViewController.m */,
				OBJ_57 /* LIFETextInputViewController.m */,
			);
			path = Controllers;
			sourceTree = "<group>";
		};
		OBJ_38 /* AlertView */ = {
			isa = PBXGroup;
			children = (
				OBJ_39 /* LIFEAlertAction.m */,
				OBJ_40 /* LIFEAlertActionView.m */,
				OBJ_41 /* LIFEAlertAnimator.m */,
				OBJ_42 /* LIFEAlertController.m */,
				OBJ_43 /* LIFEAlertView.m */,
			);
			path = AlertView;
			sourceTree = "<group>";
		};
		OBJ_44 /* ImageEditor */ = {
			isa = PBXGroup;
			children = (
				OBJ_45 /* LIFEImageEditorSegmentedControl.m */,
				OBJ_46 /* LIFEImageEditorView.m */,
				OBJ_47 /* LIFEImageEditorViewController.m */,
				OBJ_48 /* LIFEToolButton.m */,
			);
			path = ImageEditor;
			sourceTree = "<group>";
		};
		OBJ_5 /*  */ = {
			isa = PBXGroup;
			children = (
				OBJ_6 /* Package.swift */,
				OBJ_7 /* Sources */,
				OBJ_146 /* Tests */,
				OBJ_147 /* Products */,
				OBJ_149 /* Example */,
				OBJ_150 /* Swift */,
				OBJ_151 /* Buglife */,
				OBJ_152 /* LICENSE */,
				OBJ_153 /* README.md */,
				OBJ_154 /* Buglife.podspec */,
			);
			name = "";
			sourceTree = "<group>";
		};
		OBJ_62 /* Models */ = {
			isa = PBXGroup;
			children = (
				OBJ_63 /* LIFEAnnotatedImage.m */,
				OBJ_64 /* LIFEAnnotation.m */,
				OBJ_65 /* LIFEAppInfo.m */,
				OBJ_66 /* LIFEAttribute.m */,
				OBJ_67 /* LIFEDeviceInfo.m */,
				OBJ_68 /* LIFEImageFormat.m */,
				OBJ_69 /* LIFEReport.m */,
				OBJ_70 /* LIFEReportAttachmentImpl.m */,
				OBJ_71 /* LIFEReportOwner.m */,
				OBJ_72 /* LIFEReproStep.m */,
				OBJ_73 /* LIFEScreenshotContext.m */,
				OBJ_74 /* LIFEVideoAttachment.m */,
			);
			path = Models;
			sourceTree = "<group>";
		};
		OBJ_7 /* Sources */ = {
			isa = PBXGroup;
			children = (
				OBJ_8 /* LIFETextInputField.h */,
				OBJ_9 /* LIFEPickerInputField.h */,
				OBJ_10 /* LIFEAwesomeLogger.h */,
				OBJ_11 /* LIFEAppearance.h */,
				OBJ_12 /* LIFEInputField.h */,
				OBJ_13 /* Buglife+LocalizedStrings.h */,
				OBJ_14 /* Additions */,
				OBJ_35 /* Buglife+LocalizedStrings.m */,
				OBJ_36 /* Buglife.m */,
				OBJ_37 /* Controllers */,
				OBJ_58 /* LIFEAwesomeLogger.m */,
				OBJ_59 /* LIFEInputField.m */,
				OBJ_60 /* LIFEPickerInputField.m */,
				OBJ_61 /* LIFETextInputField.m */,
				OBJ_62 /* Models */,
				OBJ_75 /* Services */,
				OBJ_101 /* Views */,
				OBJ_144 /* include */,
			);
			name = Sources;
			path = Source;
			sourceTree = SOURCE_ROOT;
		};
		OBJ_75 /* Services */ = {
			isa = PBXGroup;
			children = (
				OBJ_76 /* LIFEAVFoundation.m */,
				OBJ_77 /* LIFEAppInfoProvider.m */,
				OBJ_78 /* LIFEAttachmentManager.m */,
				OBJ_79 /* LIFEDataProvider.m */,
				OBJ_80 /* LIFEDependencyLoader.m */,
				OBJ_81 /* LIFEDeviceInfoProvider.m */,
				OBJ_82 /* LIFEImagePickerController.m */,
				OBJ_83 /* LIFEImageProcessor.m */,
				OBJ_84 /* LIFELogFacility.m */,
				OBJ_85 /* LIFENetworkManager.m */,
				OBJ_86 /* LIFEReachability.m */,
				OBJ_87 /* LIFERecordingShrinker.m */,
				OBJ_88 /* LIFEReportBuilder.m */,
				OBJ_89 /* LIFESwizzler.m */,
				OBJ_90 /* LIFETelephonyNetworkInfo.m */,
				OBJ_91 /* LIFEUserDefaults.m */,
				OBJ_92 /* Logging */,
			);
			path = Services;
			sourceTree = "<group>";
		};
		OBJ_92 /* Logging */ = {
			isa = PBXGroup;
			children = (
				OBJ_93 /* LIFEASLLogger.m */,
				OBJ_94 /* LIFEContextAwareLogFormatter.m */,
				OBJ_95 /* LIFEFileLogger.m */,
				OBJ_96 /* LIFEJSONLogFileFormatter.m */,
				OBJ_97 /* LIFELog.m */,
				OBJ_98 /* LIFELogger.m */,
				OBJ_99 /* LIFENotificationLogger.m */,
				OBJ_100 /* LIFETTYLogger.m */,
			);
			path = Logging;
			sourceTree = "<group>";
		};
/* End PBXGroup section */

/* Begin PBXHeadersBuildPhase section */
		OBJ_277 /* Headers */ = {
			isa = PBXHeadersBuildPhase;
			buildActionMask = 0;
			files = (
				OBJ_278 /* Buglife.h in Headers */,
			);
			runOnlyForDeploymentPostprocessing = 0;
		};
/* End PBXHeadersBuildPhase section */

/* Begin PBXNativeTarget section */
		"Buglife::Buglife" /* Buglife */ = {
			isa = PBXNativeTarget;
			buildConfigurationList = OBJ_156 /* Build configuration list for PBXNativeTarget "Buglife" */;
			buildPhases = (
				OBJ_159 /* Sources */,
				OBJ_277 /* Headers */,
				OBJ_279 /* Frameworks */,
			);
			buildRules = (
			);
			dependencies = (
			);
			name = Buglife;
			productName = Buglife;
			productReference = "Buglife::Buglife::Product" /* Buglife.framework */;
			productType = "com.apple.product-type.framework";
		};
		"Buglife::SwiftPMPackageDescription" /* BuglifePackageDescription */ = {
			isa = PBXNativeTarget;
			buildConfigurationList = OBJ_281 /* Build configuration list for PBXNativeTarget "BuglifePackageDescription" */;
			buildPhases = (
				OBJ_284 /* Sources */,
			);
			buildRules = (
			);
			dependencies = (
			);
			name = BuglifePackageDescription;
			productName = BuglifePackageDescription;
			productType = "com.apple.product-type.framework";
		};
/* End PBXNativeTarget section */

/* Begin PBXProject section */
		OBJ_1 /* Project object */ = {
			isa = PBXProject;
			attributes = {
				LastSwiftMigration = 9999;
				LastUpgradeCheck = 9999;
			};
			buildConfigurationList = OBJ_2 /* Build configuration list for PBXProject "Buglife" */;
			compatibilityVersion = "Xcode 3.2";
			developmentRegion = en;
			hasScannedForEncodings = 0;
			knownRegions = (
				en,
			);
			mainGroup = OBJ_5 /*  */;
			productRefGroup = OBJ_147 /* Products */;
			projectDirPath = "";
			projectRoot = "";
			targets = (
				"Buglife::Buglife" /* Buglife */,
				"Buglife::SwiftPMPackageDescription" /* BuglifePackageDescription */,
			);
		};
/* End PBXProject section */

/* Begin PBXSourcesBuildPhase section */
		OBJ_159 /* Sources */ = {
			isa = PBXSourcesBuildPhase;
			buildActionMask = 0;
			files = (
				OBJ_160 /* Buglife+UIStuff.m in Sources */,
				OBJ_161 /* LIFECategories.m in Sources */,
				OBJ_162 /* LIFECompatibilityUtils.m in Sources */,
				OBJ_163 /* LIFEGeometry.m in Sources */,
				OBJ_164 /* NSArray+LIFEAdditions.m in Sources */,
				OBJ_165 /* NSError+LIFEAdditions.m in Sources */,
				OBJ_166 /* NSLayoutConstraint+LIFEAdditions.m in Sources */,
				OBJ_167 /* NSMutableDictionary+LIFEAdditions.m in Sources */,
				OBJ_168 /* NSString+LIFEAdditions.m in Sources */,
				OBJ_169 /* UIApplication+LIFEAdditions.m in Sources */,
				OBJ_170 /* UIBezierPath+LIFEAdditions.m in Sources */,
				OBJ_171 /* UIColor+LIFEAdditions.m in Sources */,
				OBJ_172 /* UIControl+LIFEAdditions.m in Sources */,
				OBJ_173 /* UIDevice+LIFEAdditions.m in Sources */,
				OBJ_174 /* UIImage+LIFEAdditions.m in Sources */,
				OBJ_175 /* UITableView+LIFEAdditions.m in Sources */,
				OBJ_176 /* UITextView+LIFEAdditions.m in Sources */,
				OBJ_177 /* UIView+LIFEAdditions.m in Sources */,
				OBJ_178 /* UIViewController+LIFEAdditions.m in Sources */,
				OBJ_179 /* UIWindow+LIFEAdditions.m in Sources */,
				OBJ_180 /* Buglife+LocalizedStrings.m in Sources */,
				OBJ_181 /* Buglife.m in Sources */,
				OBJ_182 /* LIFEAlertAction.m in Sources */,
				OBJ_183 /* LIFEAlertActionView.m in Sources */,
				OBJ_184 /* LIFEAlertAnimator.m in Sources */,
				OBJ_185 /* LIFEAlertController.m in Sources */,
				OBJ_186 /* LIFEAlertView.m in Sources */,
				OBJ_187 /* LIFEImageEditorSegmentedControl.m in Sources */,
				OBJ_188 /* LIFEImageEditorView.m in Sources */,
				OBJ_189 /* LIFEImageEditorViewController.m in Sources */,
				OBJ_190 /* LIFEToolButton.m in Sources */,
				OBJ_191 /* LIFEAVPlayerViewController.m in Sources */,
				OBJ_192 /* LIFEComponentPickerViewController.m in Sources */,
				OBJ_193 /* LIFELogViewController.m in Sources */,
				OBJ_194 /* LIFENavigationController.m in Sources */,
				OBJ_195 /* LIFEPickerViewController.m in Sources */,
				OBJ_196 /* LIFEReportTableViewController.m in Sources */,
				OBJ_197 /* LIFEScreenshotAnnotatorViewController.m in Sources */,
				OBJ_198 /* LIFEStepsToReproTableViewController.m in Sources */,
				OBJ_199 /* LIFETextInputViewController.m in Sources */,
				OBJ_200 /* LIFEAwesomeLogger.m in Sources */,
				OBJ_201 /* LIFEInputField.m in Sources */,
				OBJ_202 /* LIFEPickerInputField.m in Sources */,
				OBJ_203 /* LIFETextInputField.m in Sources */,
				OBJ_204 /* LIFEAnnotatedImage.m in Sources */,
				OBJ_205 /* LIFEAnnotation.m in Sources */,
				OBJ_206 /* LIFEAppInfo.m in Sources */,
				OBJ_207 /* LIFEAttribute.m in Sources */,
				OBJ_208 /* LIFEDeviceInfo.m in Sources */,
				OBJ_209 /* LIFEImageFormat.m in Sources */,
				OBJ_210 /* LIFEReport.m in Sources */,
				OBJ_211 /* LIFEReportAttachmentImpl.m in Sources */,
				OBJ_212 /* LIFEReportOwner.m in Sources */,
				OBJ_213 /* LIFEReproStep.m in Sources */,
				OBJ_214 /* LIFEScreenshotContext.m in Sources */,
				OBJ_215 /* LIFEVideoAttachment.m in Sources */,
				OBJ_216 /* LIFEAVFoundation.m in Sources */,
				OBJ_217 /* LIFEAppInfoProvider.m in Sources */,
				OBJ_218 /* LIFEAttachmentManager.m in Sources */,
				OBJ_219 /* LIFEDataProvider.m in Sources */,
				OBJ_220 /* LIFEDependencyLoader.m in Sources */,
				OBJ_221 /* LIFEDeviceInfoProvider.m in Sources */,
				OBJ_222 /* LIFEImagePickerController.m in Sources */,
				OBJ_223 /* LIFEImageProcessor.m in Sources */,
				OBJ_224 /* LIFELogFacility.m in Sources */,
				OBJ_225 /* LIFENetworkManager.m in Sources */,
				OBJ_226 /* LIFEReachability.m in Sources */,
				OBJ_227 /* LIFERecordingShrinker.m in Sources */,
				OBJ_228 /* LIFEReportBuilder.m in Sources */,
				OBJ_229 /* LIFESwizzler.m in Sources */,
				OBJ_230 /* LIFETelephonyNetworkInfo.m in Sources */,
				OBJ_231 /* LIFEUserDefaults.m in Sources */,
				OBJ_232 /* LIFEASLLogger.m in Sources */,
				OBJ_233 /* LIFEContextAwareLogFormatter.m in Sources */,
				OBJ_234 /* LIFEFileLogger.m in Sources */,
				OBJ_235 /* LIFEJSONLogFileFormatter.m in Sources */,
				OBJ_236 /* LIFELog.m in Sources */,
				OBJ_237 /* LIFELogger.m in Sources */,
				OBJ_238 /* LIFENotificationLogger.m in Sources */,
				OBJ_239 /* LIFETTYLogger.m in Sources */,
				OBJ_240 /* LIFEAnnotationView.m in Sources */,
				OBJ_241 /* LIFEArrowAnnotationView.m in Sources */,
				OBJ_242 /* LIFEBlurAnnotationView.m in Sources */,
				OBJ_243 /* LIFEFreeformAnnotationView.m in Sources */,
				OBJ_244 /* LIFELoupeAnnotationView.m in Sources */,
				OBJ_245 /* LIFEContainerAlertToImageEditorAnimator.m in Sources */,
				OBJ_246 /* LIFEContainerModalDismissAnimator.m in Sources */,
				OBJ_247 /* LIFEContainerModalPresentAnimator.m in Sources */,
				OBJ_248 /* LIFEContainerTransitionContext.m in Sources */,
				OBJ_249 /* LIFEContainerViewController.m in Sources */,
				OBJ_250 /* LIFEContainerWindow.m in Sources */,
				OBJ_251 /* LIFEWindowBlindsAnimator.m in Sources */,
				OBJ_252 /* LIFEContinuousForceTouchGestureRecognizer.m in Sources */,
				OBJ_253 /* LIFEFreeformGestureRecognizer.m in Sources */,
				OBJ_254 /* LIFEPanGestureRecognizer.m in Sources */,
				OBJ_255 /* LIFEJelloLayer.m in Sources */,
				OBJ_256 /* LIFEJelloView.m in Sources */,
				OBJ_257 /* LIFEAnnotatedImageView.m in Sources */,
				OBJ_258 /* LIFEAppearanceImpl.m in Sources */,
				OBJ_259 /* LIFEAttachmentView.m in Sources */,
				OBJ_260 /* LIFEBugButtonWindow.m in Sources */,
				OBJ_261 /* LIFEComponentPickerCell.m in Sources */,
				OBJ_262 /* LIFEFloatingButton.m in Sources */,
				OBJ_263 /* LIFELocalizedStringProvider.m in Sources */,
				OBJ_264 /* LIFEMenuPopoverView.m in Sources */,
				OBJ_265 /* LIFEOverlayWindow.m in Sources */,
				OBJ_266 /* LIFEPoweredByBuglifeView.m in Sources */,
				OBJ_267 /* LIFEReportView.m in Sources */,
				OBJ_268 /* LIFEReportWindow.m in Sources */,
				OBJ_269 /* LIFEScreenshotAnnotatorView.m in Sources */,
				OBJ_270 /* LIFEStepsToReproduceCell.m in Sources */,
				OBJ_271 /* LIFETextFieldCell.m in Sources */,
				OBJ_272 /* LIFETitleCell.m in Sources */,
				OBJ_273 /* LIFEWhatHappenedTextView.m in Sources */,
				OBJ_274 /* LIFEToastController.m in Sources */,
				OBJ_275 /* LIFEToastControllerView.m in Sources */,
				OBJ_276 /* LIFEToastView.m in Sources */,
			);
			runOnlyForDeploymentPostprocessing = 0;
		};
		OBJ_284 /* Sources */ = {
			isa = PBXSourcesBuildPhase;
			buildActionMask = 0;
			files = (
				OBJ_285 /* Package.swift in Sources */,
			);
			runOnlyForDeploymentPostprocessing = 0;
		};
/* End PBXSourcesBuildPhase section */

/* Begin XCBuildConfiguration section */
		OBJ_157 /* Debug */ = {
			isa = XCBuildConfiguration;
			buildSettings = {
				CLANG_ENABLE_MODULES = YES;
				DEFINES_MODULE = YES;
				ENABLE_TESTABILITY = YES;
				FRAMEWORK_SEARCH_PATHS = (
					"$(inherited)",
					"$(PLATFORM_DIR)/Developer/Library/Frameworks",
				);
				HEADER_SEARCH_PATHS = (
					"$(inherited)",
					"$(SRCROOT)/Source/include",
					Source,
					Source/Additions,
					Source/Controllers,
					Source/Controllers/AlertView,
					Source/Controllers/ImageEditor,
					Source/Models,
					Source/Protected,
					Source/Services,
					Source/Services/Logging,
					Source/Views,
					Source/Views/AnnotationViews,
					Source/Views/ContainerWindow,
					Source/Views/GestureRecognizers,
					Source/Views/JelloView,
					Source/Views/Toast,
				);
				INFOPLIST_FILE = Buglife.xcodeproj/Buglife_Info.plist;
				IPHONEOS_DEPLOYMENT_TARGET = 12.0;
				LD_RUNPATH_SEARCH_PATHS = "$(inherited) $(TOOLCHAIN_DIR)/usr/lib/swift/macosx";
				MACOSX_DEPLOYMENT_TARGET = 10.10;
				OTHER_CFLAGS = "$(inherited)";
				OTHER_LDFLAGS = "$(inherited)";
				OTHER_SWIFT_FLAGS = "$(inherited)";
				PRODUCT_BUNDLE_IDENTIFIER = Buglife;
				PRODUCT_MODULE_NAME = "$(TARGET_NAME:c99extidentifier)";
				PRODUCT_NAME = "$(TARGET_NAME:c99extidentifier)";
				SKIP_INSTALL = YES;
				SWIFT_ACTIVE_COMPILATION_CONDITIONS = "$(inherited)";
				TARGET_NAME = Buglife;
				TVOS_DEPLOYMENT_TARGET = 9.0;
				WATCHOS_DEPLOYMENT_TARGET = 2.0;
			};
			name = Debug;
		};
		OBJ_158 /* Release */ = {
			isa = XCBuildConfiguration;
			buildSettings = {
				CLANG_ENABLE_MODULES = YES;
				DEFINES_MODULE = YES;
				ENABLE_TESTABILITY = YES;
				FRAMEWORK_SEARCH_PATHS = (
					"$(inherited)",
					"$(PLATFORM_DIR)/Developer/Library/Frameworks",
				);
				HEADER_SEARCH_PATHS = (
					"$(inherited)",
					"$(SRCROOT)/Source/include",
					Source,
					Source/Additions,
					Source/Controllers,
					Source/Controllers/AlertView,
					Source/Controllers/ImageEditor,
					Source/Models,
					Source/Protected,
					Source/Services,
					Source/Services/Logging,
					Source/Views,
					Source/Views/AnnotationViews,
					Source/Views/ContainerWindow,
					Source/Views/GestureRecognizers,
					Source/Views/JelloView,
					Source/Views/Toast,
				);
				INFOPLIST_FILE = Buglife.xcodeproj/Buglife_Info.plist;
				IPHONEOS_DEPLOYMENT_TARGET = 12.0;
				LD_RUNPATH_SEARCH_PATHS = "$(inherited) $(TOOLCHAIN_DIR)/usr/lib/swift/macosx";
				MACOSX_DEPLOYMENT_TARGET = 10.10;
				OTHER_CFLAGS = "$(inherited)";
				OTHER_LDFLAGS = "$(inherited)";
				OTHER_SWIFT_FLAGS = "$(inherited)";
				PRODUCT_BUNDLE_IDENTIFIER = Buglife;
				PRODUCT_MODULE_NAME = "$(TARGET_NAME:c99extidentifier)";
				PRODUCT_NAME = "$(TARGET_NAME:c99extidentifier)";
				SKIP_INSTALL = YES;
				SWIFT_ACTIVE_COMPILATION_CONDITIONS = "$(inherited)";
				TARGET_NAME = Buglife;
				TVOS_DEPLOYMENT_TARGET = 9.0;
				WATCHOS_DEPLOYMENT_TARGET = 2.0;
			};
			name = Release;
		};
		OBJ_282 /* Debug */ = {
			isa = XCBuildConfiguration;
			buildSettings = {
				LD = /usr/bin/true;
				OTHER_SWIFT_FLAGS = "-swift-version 5 -I $(TOOLCHAIN_DIR)/usr/lib/swift/pm/4_2 -sdk /Applications/Xcode.app/Contents/Developer/Platforms/MacOSX.platform/Developer/SDKs/MacOSX11.0.sdk -package-description-version 5.3.0";
				SWIFT_VERSION = 5.0;
			};
			name = Debug;
		};
		OBJ_283 /* Release */ = {
			isa = XCBuildConfiguration;
			buildSettings = {
				LD = /usr/bin/true;
				OTHER_SWIFT_FLAGS = "-swift-version 5 -I $(TOOLCHAIN_DIR)/usr/lib/swift/pm/4_2 -sdk /Applications/Xcode.app/Contents/Developer/Platforms/MacOSX.platform/Developer/SDKs/MacOSX11.0.sdk -package-description-version 5.3.0";
				SWIFT_VERSION = 5.0;
			};
			name = Release;
		};
		OBJ_3 /* Debug */ = {
			isa = XCBuildConfiguration;
			buildSettings = {
				CLANG_ENABLE_OBJC_ARC = YES;
				COMBINE_HIDPI_IMAGES = YES;
				COPY_PHASE_STRIP = NO;
				DEBUG_INFORMATION_FORMAT = dwarf;
				DYLIB_INSTALL_NAME_BASE = "@rpath";
				ENABLE_NS_ASSERTIONS = YES;
				GCC_OPTIMIZATION_LEVEL = 0;
				GCC_PREPROCESSOR_DEFINITIONS = (
					"$(inherited)",
					"SWIFT_PACKAGE=1",
					"DEBUG=1",
				);
				MACOSX_DEPLOYMENT_TARGET = 10.10;
				ONLY_ACTIVE_ARCH = YES;
				OTHER_SWIFT_FLAGS = "$(inherited) -DXcode";
				PRODUCT_NAME = "$(TARGET_NAME)";
				SDKROOT = macosx;
				SUPPORTED_PLATFORMS = "macosx iphoneos iphonesimulator appletvos appletvsimulator watchos watchsimulator";
				SWIFT_ACTIVE_COMPILATION_CONDITIONS = "$(inherited) SWIFT_PACKAGE DEBUG";
				SWIFT_OPTIMIZATION_LEVEL = "-Onone";
				USE_HEADERMAP = NO;
			};
			name = Debug;
		};
		OBJ_4 /* Release */ = {
			isa = XCBuildConfiguration;
			buildSettings = {
				CLANG_ENABLE_OBJC_ARC = YES;
				COMBINE_HIDPI_IMAGES = YES;
				COPY_PHASE_STRIP = YES;
				DEBUG_INFORMATION_FORMAT = "dwarf-with-dsym";
				DYLIB_INSTALL_NAME_BASE = "@rpath";
				GCC_OPTIMIZATION_LEVEL = s;
				GCC_PREPROCESSOR_DEFINITIONS = (
					"$(inherited)",
					"SWIFT_PACKAGE=1",
				);
				MACOSX_DEPLOYMENT_TARGET = 10.10;
				OTHER_SWIFT_FLAGS = "$(inherited) -DXcode";
				PRODUCT_NAME = "$(TARGET_NAME)";
				SDKROOT = macosx;
				SUPPORTED_PLATFORMS = "macosx iphoneos iphonesimulator appletvos appletvsimulator watchos watchsimulator";
				SWIFT_ACTIVE_COMPILATION_CONDITIONS = "$(inherited) SWIFT_PACKAGE";
				SWIFT_OPTIMIZATION_LEVEL = "-Owholemodule";
				USE_HEADERMAP = NO;
			};
			name = Release;
		};
/* End XCBuildConfiguration section */

/* Begin XCConfigurationList section */
		OBJ_156 /* Build configuration list for PBXNativeTarget "Buglife" */ = {
			isa = XCConfigurationList;
			buildConfigurations = (
				OBJ_157 /* Debug */,
				OBJ_158 /* Release */,
			);
			defaultConfigurationIsVisible = 0;
			defaultConfigurationName = Release;
		};
		OBJ_2 /* Build configuration list for PBXProject "Buglife" */ = {
			isa = XCConfigurationList;
			buildConfigurations = (
				OBJ_3 /* Debug */,
				OBJ_4 /* Release */,
			);
			defaultConfigurationIsVisible = 0;
			defaultConfigurationName = Release;
		};
		OBJ_281 /* Build configuration list for PBXNativeTarget "BuglifePackageDescription" */ = {
			isa = XCConfigurationList;
			buildConfigurations = (
				OBJ_282 /* Debug */,
				OBJ_283 /* Release */,
			);
			defaultConfigurationIsVisible = 0;
			defaultConfigurationName = Release;
		};
/* End XCConfigurationList section */
	};
	rootObject = OBJ_1 /* Project object */;
}
